
Microsoft Visual Studio Solution File, Format Version 12.00
# Visual Studio 15
VisualStudioVersion = 15.0.27004.2005
MinimumVisualStudioVersion = 10.0.40219.1
Project("{8BC9CEB8-8B4A-11D0-8D11-00A0C91BC942}") = "Computational_Mathematics", "Computational_Mathematics\Computational_Mathematics.vcxproj", "{F34F52FD-FB6E-4111-AA58-B8D3FF1F55EB}"
EndProject
Project("{8BC9CEB8-8B4A-11D0-8D11-00A0C91BC942}") = "lab1", "lab1\lab1.vcxproj", "{65D7DFCD-70CE-412A-A2ED-F9E70F8A4AE2}"
EndProject
Project("{8BC9CEB8-8B4A-11D0-8D11-00A0C91BC942}") = "lab2", "lab2\lab2.vcxproj", "{7F001B24-CE79-42ED-BDE0-B5451BF58331}"
EndProject
Project("{8BC9CEB8-8B4A-11D0-8D11-00A0C91BC942}") = "lab3", "lab3\lab3.vcxproj", "{09DDFAF5-54D1-4953-AFA1-B5FE97F3313F}"
EndProject
Project("{8BC9CEB8-8B4A-11D0-8D11-00A0C91BC942}") = "lab4", "lab4\lab4.vcxproj", "{9BA3B594-3870-4BA4-A819-010780BAF85F}"
EndProject
Project("{8BC9CEB8-8B4A-11D0-8D11-00A0C91BC942}") = "lab5", "lab5\lab5.vcxproj", "{3186F0A8-184C-4CFD-ABC1-935FA404F3E2}"
EndProject
Global
	GlobalSection(SolutionConfigurationPlatforms) = preSolution
		Debug|x64 = Debug|x64
		Debug|x86 = Debug|x86
		Release|x64 = Release|x64
		Release|x86 = Release|x86
	EndGlobalSection
	GlobalSection(ProjectConfigurationPlatforms) = postSolution
		{F34F52FD-FB6E-4111-AA58-B8D3FF1F55EB}.Debug|x64.ActiveCfg = Debug|x64
		{F34F52FD-FB6E-4111-AA58-B8D3FF1F55EB}.Debug|x64.Build.0 = Debug|x64
		{F34F52FD-FB6E-4111-AA58-B8D3FF1F55EB}.Debug|x86.ActiveCfg = Debug|Win32
		{F34F52FD-FB6E-4111-AA58-B8D3FF1F55EB}.Debug|x86.Build.0 = Debug|Win32
		{F34F52FD-FB6E-4111-AA58-B8D3FF1F55EB}.Release|x64.ActiveCfg = Release|x64
		{F34F52FD-FB6E-4111-AA58-B8D3FF1F55EB}.Release|x64.Build.0 = Release|x64
		{F34F52FD-FB6E-4111-AA58-B8D3FF1F55EB}.Release|x86.ActiveCfg = Release|Win32
		{F34F52FD-FB6E-4111-AA58-B8D3FF1F55EB}.Release|x86.Build.0 = Release|Win32
		{65D7DFCD-70CE-412A-A2ED-F9E70F8A4AE2}.Debug|x64.ActiveCfg = Debug|x64
		{65D7DFCD-70CE-412A-A2ED-F9E70F8A4AE2}.Debug|x64.Build.0 = Debug|x64
		{65D7DFCD-70CE-412A-A2ED-F9E70F8A4AE2}.Debug|x86.ActiveCfg = Debug|Win32
		{65D7DFCD-70CE-412A-A2ED-F9E70F8A4AE2}.Debug|x86.Build.0 = Debug|Win32
		{65D7DFCD-70CE-412A-A2ED-F9E70F8A4AE2}.Release|x64.ActiveCfg = Release|x64
		{65D7DFCD-70CE-412A-A2ED-F9E70F8A4AE2}.Release|x64.Build.0 = Release|x64
		{65D7DFCD-70CE-412A-A2ED-F9E70F8A4AE2}.Release|x86.ActiveCfg = Release|Win32
		{65D7DFCD-70CE-412A-A2ED-F9E70F8A4AE2}.Release|x86.Build.0 = Release|Win32
		{7F001B24-CE79-42ED-BDE0-B5451BF58331}.Debug|x64.ActiveCfg = Debug|x64
		{7F001B24-CE79-42ED-BDE0-B5451BF58331}.Debug|x64.Build.0 = Debug|x64
		{7F001B24-CE79-42ED-BDE0-B5451BF58331}.Debug|x86.ActiveCfg = Debug|Win32
		{7F001B24-CE79-42ED-BDE0-B5451BF58331}.Debug|x86.Build.0 = Debug|Win32
		{7F001B24-CE79-42ED-BDE0-B5451BF58331}.Release|x64.ActiveCfg = Release|x64
		{7F001B24-CE79-42ED-BDE0-B5451BF58331}.Release|x64.Build.0 = Release|x64
		{7F001B24-CE79-42ED-BDE0-B5451BF58331}.Release|x86.ActiveCfg = Release|Win32
		{7F001B24-CE79-42ED-BDE0-B5451BF58331}.Release|x86.Build.0 = Release|Win32
		{09DDFAF5-54D1-4953-AFA1-B5FE97F3313F}.Debug|x64.ActiveCfg = Debug|x64
		{09DDFAF5-54D1-4953-AFA1-B5FE97F3313F}.Debug|x64.Build.0 = Debug|x64
		{09DDFAF5-54D1-4953-AFA1-B5FE97F3313F}.Debug|x86.ActiveCfg = Debug|Win32
		{09DDFAF5-54D1-4953-AFA1-B5FE97F3313F}.Debug|x86.Build.0 = Debug|Win32
		{09DDFAF5-54D1-4953-AFA1-B5FE97F3313F}.Release|x64.ActiveCfg = Release|x64
		{09DDFAF5-54D1-4953-AFA1-B5FE97F3313F}.Release|x64.Build.0 = Release|x64
		{09DDFAF5-54D1-4953-AFA1-B5FE97F3313F}.Release|x86.ActiveCfg = Release|Win32
		{09DDFAF5-54D1-4953-AFA1-B5FE97F3313F}.Release|x86.Build.0 = Release|Win32
		{9BA3B594-3870-4BA4-A819-010780BAF85F}.Debug|x64.ActiveCfg = Debug|x64
		{9BA3B594-3870-4BA4-A819-010780BAF85F}.Debug|x64.Build.0 = Debug|x64
		{9BA3B594-3870-4BA4-A819-010780BAF85F}.Debug|x86.ActiveCfg = Debug|Win32
		{9BA3B594-3870-4BA4-A819-010780BAF85F}.Debug|x86.Build.0 = Debug|Win32
		{9BA3B594-3870-4BA4-A819-010780BAF85F}.Release|x64.ActiveCfg = Release|x64
		{9BA3B594-3870-4BA4-A819-010780BAF85F}.Release|x64.Build.0 = Release|x64
		{9BA3B594-3870-4BA4-A819-010780BAF85F}.Release|x86.ActiveCfg = Release|Win32
		{9BA3B594-3870-4BA4-A819-010780BAF85F}.Release|x86.Build.0 = Release|Win32
		{3186F0A8-184C-4CFD-ABC1-935FA404F3E2}.Debug|x64.ActiveCfg = Debug|x64
		{3186F0A8-184C-4CFD-ABC1-935FA404F3E2}.Debug|x64.Build.0 = Debug|x64
		{3186F0A8-184C-4CFD-ABC1-935FA404F3E2}.Debug|x86.ActiveCfg = Debug|Win32
		{3186F0A8-184C-4CFD-ABC1-935FA404F3E2}.Debug|x86.Build.0 = Debug|Win32
		{3186F0A8-184C-4CFD-ABC1-935FA404F3E2}.Release|x64.ActiveCfg = Release|x64
		{3186F0A8-184C-4CFD-ABC1-935FA404F3E2}.Release|x64.Build.0 = Release|x64
		{3186F0A8-184C-4CFD-ABC1-935FA404F3E2}.Release|x86.ActiveCfg = Release|Win32
		{3186F0A8-184C-4CFD-ABC1-935FA404F3E2}.Release|x86.Build.0 = Release|Win32
	EndGlobalSection
	GlobalSection(SolutionProperties) = preSolution
		HideSolutionNode = FALSE
	EndGlobalSection
	GlobalSection(ExtensibilityGlobals) = postSolution
		SolutionGuid = {331A046C-A03A-4223-A27E-8FB697409936}
	EndGlobalSection
EndGlobal
